
Microsoft Visual Studio Solution File, Format Version 12.00
# Visual Studio Version 17
VisualStudioVersion = 17.1.32228.430
MinimumVisualStudioVersion = 10.0.40219.1
Project("{FAE04EC0-301F-11D3-BF4B-00C04F79EFBC}") = "URLTester", "URLTester\URLTester.csproj", "{A7F0A243-6C5A-40CE-8216-8C69622F3C60}"
EndProject
Project("{FAE04EC0-301F-11D3-BF4B-00C04F79EFBC}") = "UrlTesterUnitTests", "UnitTestProject1\UrlTesterUnitTests.csproj", "{BA3AB5D3-C2A9-425D-90A0-D185961FD5D4}"
EndProject
Global
	GlobalSection(SolutionConfigurationPlatforms) = preSolution
		Debug|Any CPU = Debug|Any CPU
		Release|Any CPU = Release|Any CPU
	EndGlobalSection
	GlobalSection(ProjectConfigurationPlatforms) = postSolution
		{A7F0A243-6C5A-40CE-8216-8C69622F3C60}.Debug|Any CPU.ActiveCfg = Debug|Any CPU
		{A7F0A243-6C5A-40CE-8216-8C69622F3C60}.Debug|Any CPU.Build.0 = Debug|Any CPU
		{A7F0A243-6C5A-40CE-8216-8C69622F3C60}.Release|Any CPU.ActiveCfg = Release|Any CPU
		{A7F0A243-6C5A-40CE-8216-8C69622F3C60}.Release|Any CPU.Build.0 = Release|Any CPU
		{BA3AB5D3-C2A9-425D-90A0-D185961FD5D4}.Debug|Any CPU.ActiveCfg = Debug|Any CPU
		{BA3AB5D3-C2A9-425D-90A0-D185961FD5D4}.Debug|Any CPU.Build.0 = Debug|Any CPU
		{BA3AB5D3-C2A9-425D-90A0-D185961FD5D4}.Release|Any CPU.ActiveCfg = Release|Any CPU
		{BA3AB5D3-C2A9-425D-90A0-D185961FD5D4}.Release|Any CPU.Build.0 = Release|Any CPU
	EndGlobalSection
	GlobalSection(SolutionProperties) = preSolution
		HideSolutionNode = FALSE
	EndGlobalSection
	GlobalSection(ExtensibilityGlobals) = postSolution
		SolutionGuid = {4097DB60-D639-488E-B7E6-1750D88A550A}
	EndGlobalSection
EndGlobal
